# The fixed weights of anvilkit-agent-inference (DD-07 §1/§3, ENV-04,
# security.md supply chain): each model is one Hugging Face repository at
# an exact revision with the SHA-256 of every file loaded. The image build
# downloads exactly these and fails on any difference; the service reports
# the revision as modelRevision and downloads nothing (HF_HUB_OFFLINE=1).
#
# model <repository> <revision> <license>
# <sha256> <path under models/<repository with / as -->/>
model BAAI/bge-m3 5617a9f61b028005a4858fdac845db406aefb181 mit
e54c164a07274f2eb45bb724f54a79d1efcc90c41573887cd9a29aeee0597352 1_Pooling/config.json
19bfbae397c2b7524158c919d0e9b19393c5639d098f0a66932c91ed8f5f9abb colbert_linear.pt
26159e7ad065073448460117eb24b7a4572f6f4e78eadff65dc0a11c052449fa config.json
1eef72430e7194a1e59680e635aed81ffa083f05668dbc5bb1c56c04c0999c38 config_sentence_transformers.json
84e40c8e006c9b1d6c122e02cba9b02458120b5fb0c87b746c41e0207cf642cf modules.json
b5e0ce3470abf5ef3831aa1bd5553b486803e83251590ab7ff35a117cf6aad38 pytorch_model.bin
eb9b44b13c0f52a3b3685c3b1cbdea1ba8b04bea123b98f61610048940776eb1 sentence_bert_config.json
cfc8146abe2a0488e9e2a0c56de7952f7c11ab059eca145a0a727afce0db2865 sentencepiece.bpe.model
45c93804d2142b8f6d7ec6914ae23a1eee9c6a1d27d83d908a20d2afb3595ad9 sparse_linear.pt
8c785abebea9ae3257b61681b4e6fd8365ceafde980c21970d001e834cf10835 special_tokens_map.json
21106b6d7dab2952c1d496fb21d5dc9db75c28ed361a05f5020bbba27810dd08 tokenizer.json
a62b2b6784f990259fddef5f16388693a8043be4f69179e6a5257eeb3f9abac4 tokenizer_config.json
model BAAI/bge-reranker-v2-m3 953dc6f6f85a1b2dbfca4c34a2796e7dde08d41e apache-2.0
13dcd6c31d9fec9d1d8e158702072f62d7fa7d312a64b9fe057bec9a08cfe41a config.json
d9e3e081faff1eefb84019509b2f5558fd74c1a05a2c7db22f74174fcedb5286 model.safetensors
cfc8146abe2a0488e9e2a0c56de7952f7c11ab059eca145a0a727afce0db2865 sentencepiece.bpe.model
8c785abebea9ae3257b61681b4e6fd8365ceafde980c21970d001e834cf10835 special_tokens_map.json
69564b696052886ed0ac63fa393e928384e0f8caada38c1f4864a9bfbf379c15 tokenizer.json
7e4c1cc848840aeccdd763458c18dd525eb0f795c992e00ebe9c28554e7db2d4 tokenizer_config.json
